
Microsoft Visual Studio Solution File, Format Version 12.00
# Visual Studio Version 17
VisualStudioVersion = 17.4.33213.308
MinimumVisualStudioVersion = 10.0.40219.1
Project("{FAE04EC0-301F-11D3-BF4B-00C04F79EFBC}") = "libreriaXAGFRRR", "libreriaXAGFRRR.csproj", "{F4494D6C-77DE-49EF-842E-56D3419C8175}"
EndProject
Global
	GlobalSection(SolutionConfigurationPlatforms) = preSolution
		Debug|Any CPU = Debug|Any CPU
		Release|Any CPU = Release|Any CPU
	EndGlobalSection
	GlobalSection(ProjectConfigurationPlatforms) = postSolution
		{F4494D6C-77DE-49EF-842E-56D3419C8175}.Debug|Any CPU.ActiveCfg = Debug|Any CPU
		{F4494D6C-77DE-49EF-842E-56D3419C8175}.Debug|Any CPU.Build.0 = Debug|Any CPU
		{F4494D6C-77DE-49EF-842E-56D3419C8175}.Release|Any CPU.ActiveCfg = Release|Any CPU
		{F4494D6C-77DE-49EF-842E-56D3419C8175}.Release|Any CPU.Build.0 = Release|Any CPU
	EndGlobalSection
	GlobalSection(SolutionProperties) = preSolution
		HideSolutionNode = FALSE
	EndGlobalSection
	GlobalSection(ExtensibilityGlobals) = postSolution
		SolutionGuid = {D409A573-DB4D-49C9-AC0D-25A7C8FBA3D3}
	EndGlobalSection
EndGlobal
